<?xml version="1.0" encoding="utf-8"?>
<Project ToolsVersion="15.0" xmlns="http://schemas.microsoft.com/developer/msbuild/2003">
  <ItemGroup>
    <ClCompile Include="..\..\test\tbbmalloc\test_malloc_pure_c.c">
      <Filter>Source Files</Filter>
    </ClCompile>
  </ItemGroup>
  <ItemGroup>
    <CustomBuild Include="C:\Development\op3d_active\oneTBB_2021\test\CMakeLists.txt" />
  </ItemGroup>
  <ItemGroup>
    <Filter Include="Source Files">
      <UniqueIdentifier>{3FB1ACB2-C6D0-32D3-B07B-C996C525F1F9}</UniqueIdentifier>
    </Filter>
  </ItemGroup>
</Project>